PODS:
  - GoogleMaps (7.2.0):
    - GoogleMaps/Maps (= 7.2.0)
  - GoogleMaps/Base (7.2.0)
  - GoogleMaps/Maps (7.2.0):
    - GoogleMaps/Base
  - HDAugmentedReality (3.0.0)

DEPENDENCIES:
  - GoogleMaps (= 7.2.0)
  - HDAugmentedReality (~> 3.0)

SPEC REPOS:
  trunk:
    - GoogleMaps
    - HDAugmentedReality

SPEC CHECKSUMS:
  GoogleMaps: 65ce5426e2398bb81433c8076f2ab6419c2c5537
  HDAugmentedReality: ff518e9c08704261b4226ffa820464aa5a9b1626

PODFILE CHECKSUM: ba88206ff5d80f56e20087820c694f3034e80b82

COCOAPODS: 1.11.3
